// !$*UTF8*$!
{
	archiveVersion = 1;
	classes = {
	};
	objectVersion = 54;
	objects = {

/* Begin PBXBuildFile section */
		A12E96122CC7EC8800DDB978 /* Base in Resources */ = {isa = PBXBuildFile; fileRef = A12E96112CC7EC8800DDB978 /* Base */; };
		A12E96142CC7EC8A00DDB978 /* Assets.xcassets in Resources */ = {isa = PBXBuildFile; fileRef = A12E96132CC7EC8A00DDB978 /* Assets.xcassets */; };
		A12E96172CC7EC8A00DDB978 /* Base in Resources */ = {isa = PBXBuildFile; fileRef = A12E96162CC7EC8A00DDB978 /* Base */; };
		A12E96292CC826C700DDB978 /* main.exe in CopyFiles */ = {isa = PBXBuildFile; fileRef = A12E96282CC826C700DDB978 /* main.exe */; settings = {ATTRIBUTES = (CodeSignOnCopy, ); }; };
/* End PBXBuildFile section */

/* Begin PBXContainerItemProxy section */
		A12E96252CC8263B00DDB978 /* PBXContainerItemProxy */ = {
			isa = PBXContainerItemProxy;
			containerPortal = A12E95FF2CC7EC8800DDB978 /* Project object */;
			proxyType = 1;
			remoteGlobalIDString = A12E96212CC8262200DDB978;
			remoteInfo = Main;
		};
/* End PBXContainerItemProxy section */

/* Begin PBXCopyFilesBuildPhase section */
		A12E96272CC8268500DDB978 /* CopyFiles */ = {
			isa = PBXCopyFilesBuildPhase;
			buildActionMask = 2147483647;
			dstPath = "";
			dstSubfolderSpec = 6;
			files = (
				A12E96292CC826C700DDB978 /* main.exe in CopyFiles */,
			);
			runOnlyForDeploymentPostprocessing = 0;
		};
/* End PBXCopyFilesBuildPhase section */

/* Begin PBXFileReference section */
		A12E96072CC7EC8800DDB978 /* CamlDoc.app */ = {isa = PBXFileReference; explicitFileType = wrapper.application; includeInIndex = 0; path = CamlDoc.app; sourceTree = BUILT_PRODUCTS_DIR; };
		A12E96112CC7EC8800DDB978 /* Base */ = {isa = PBXFileReference; lastKnownFileType = file.xib; name = Base; path = Base.lproj/Document.xib; sourceTree = "<group>"; };
		A12E96132CC7EC8A00DDB978 /* Assets.xcassets */ = {isa = PBXFileReference; lastKnownFileType = folder.assetcatalog; path = Assets.xcassets; sourceTree = "<group>"; };
		A12E96162CC7EC8A00DDB978 /* Base */ = {isa = PBXFileReference; lastKnownFileType = file.xib; name = Base; path = Base.lproj/MainMenu.xib; sourceTree = "<group>"; };
		A12E96182CC7EC8A00DDB978 /* Info.plist */ = {isa = PBXFileReference; lastKnownFileType = text.plist.xml; path = Info.plist; sourceTree = "<group>"; };
		A12E961B2CC7EC8A00DDB978 /* CamlDoc.entitlements */ = {isa = PBXFileReference; lastKnownFileType = text.plist.entitlements; path = CamlDoc.entitlements; sourceTree = "<group>"; };
		A12E96282CC826C700DDB978 /* main.exe */ = {isa = PBXFileReference; lastKnownFileType = "compiled.mach-o.executable"; name = main.exe; path = _build/default/Main/bin/main.exe; sourceTree = "<group>"; };
/* End PBXFileReference section */

/* Begin PBXFrameworksBuildPhase section */
		A12E96042CC7EC8800DDB978 /* Frameworks */ = {
			isa = PBXFrameworksBuildPhase;
			buildActionMask = 2147483647;
			files = (
			);
			runOnlyForDeploymentPostprocessing = 0;
		};
/* End PBXFrameworksBuildPhase section */

/* Begin PBXGroup section */
		A12E95FE2CC7EC8800DDB978 = {
			isa = PBXGroup;
			children = (
				A12E96282CC826C700DDB978 /* main.exe */,
				A12E96092CC7EC8800DDB978 /* CamlDoc */,
				A12E96082CC7EC8800DDB978 /* Products */,
			);
			sourceTree = "<group>";
		};
		A12E96082CC7EC8800DDB978 /* Products */ = {
			isa = PBXGroup;
			children = (
				A12E96072CC7EC8800DDB978 /* CamlDoc.app */,
			);
			name = Products;
			sourceTree = "<group>";
		};
		A12E96092CC7EC8800DDB978 /* CamlDoc */ = {
			isa = PBXGroup;
			children = (
				A12E96102CC7EC8800DDB978 /* Document.xib */,
				A12E96132CC7EC8A00DDB978 /* Assets.xcassets */,
				A12E96152CC7EC8A00DDB978 /* MainMenu.xib */,
				A12E96182CC7EC8A00DDB978 /* Info.plist */,
				A12E961B2CC7EC8A00DDB978 /* CamlDoc.entitlements */,
			);
			path = CamlDoc;
			sourceTree = "<group>";
		};
/* End PBXGroup section */

/* Begin PBXLegacyTarget section */
		A12E96212CC8262200DDB978 /* Main */ = {
			isa = PBXLegacyTarget;
			buildArgumentsString = "$(ACTION)";
			buildConfigurationList = A12E96222CC8262200DDB978 /* Build configuration list for PBXLegacyTarget "Main" */;
			buildPhases = (
			);
			buildToolPath = /usr/bin/make;
			dependencies = (
			);
			name = Main;
			passBuildSettingsInEnvironment = 1;
			productName = Main;
		};
/* End PBXLegacyTarget section */

/* Begin PBXNativeTarget section */
		A12E96062CC7EC8800DDB978 /* CamlDoc */ = {
			isa = PBXNativeTarget;
			buildConfigurationList = A12E961E2CC7EC8A00DDB978 /* Build configuration list for PBXNativeTarget "CamlDoc" */;
			buildPhases = (
				A12E96032CC7EC8800DDB978 /* Sources */,
				A12E96042CC7EC8800DDB978 /* Frameworks */,
				A12E96052CC7EC8800DDB978 /* Resources */,
				A12E96272CC8268500DDB978 /* CopyFiles */,
			);
			buildRules = (
			);
			dependencies = (
				A12E96262CC8263B00DDB978 /* PBXTargetDependency */,
			);
			name = CamlDoc;
			productName = CamlDoc;
			productReference = A12E96072CC7EC8800DDB978 /* CamlDoc.app */;
			productType = "com.apple.product-type.application";
		};
/* End PBXNativeTarget section */

/* Begin PBXProject section */
		A12E95FF2CC7EC8800DDB978 /* Project object */ = {
			isa = PBXProject;
			attributes = {
				BuildIndependentTargetsInParallel = 1;
				LastUpgradeCheck = 1540;
				TargetAttributes = {
					A12E96062CC7EC8800DDB978 = {
						CreatedOnToolsVersion = 15.4;
					};
					A12E96212CC8262200DDB978 = {
						CreatedOnToolsVersion = 15.4;
					};
				};
			};
			buildConfigurationList = A12E96022CC7EC8800DDB978 /* Build configuration list for PBXProject "CamlDoc" */;
			compatibilityVersion = "Xcode 12.0";
			developmentRegion = en;
			hasScannedForEncodings = 0;
			knownRegions = (
				en,
				Base,
			);
			mainGroup = A12E95FE2CC7EC8800DDB978;
			productRefGroup = A12E96082CC7EC8800DDB978 /* Products */;
			projectDirPath = "";
			projectRoot = "";
			targets = (
				A12E96062CC7EC8800DDB978 /* CamlDoc */,
				A12E96212CC8262200DDB978 /* Main */,
			);
		};
/* End PBXProject section */

/* Begin PBXResourcesBuildPhase section */
		A12E96052CC7EC8800DDB978 /* Resources */ = {
			isa = PBXResourcesBuildPhase;
			buildActionMask = 2147483647;
			files = (
				A12E96142CC7EC8A00DDB978 /* Assets.xcassets in Resources */,
				A12E96172CC7EC8A00DDB978 /* Base in Resources */,
				A12E96122CC7EC8800DDB978 /* Base in Resources */,
			);
			runOnlyForDeploymentPostprocessing = 0;
		};
/* End PBXResourcesBuildPhase section */

/* Begin PBXSourcesBuildPhase section */
		A12E96032CC7EC8800DDB978 /* Sources */ = {
			isa = PBXSourcesBuildPhase;
			buildActionMask = 2147483647;
			files = (
			);
			runOnlyForDeploymentPostprocessing = 0;
		};
/* End PBXSourcesBuildPhase section */

/* Begin PBXTargetDependency section */
		A12E96262CC8263B00DDB978 /* PBXTargetDependency */ = {
			isa = PBXTargetDependency;
			target = A12E96212CC8262200DDB978 /* Main */;
			targetProxy = A12E96252CC8263B00DDB978 /* PBXContainerItemProxy */;
		};
/* End PBXTargetDependency section */

/* Begin PBXVariantGroup section */
		A12E96102CC7EC8800DDB978 /* Document.xib */ = {
			isa = PBXVariantGroup;
			children = (
				A12E96112CC7EC8800DDB978 /* Base */,
			);
			name = Document.xib;
			sourceTree = "<group>";
		};
		A12E96152CC7EC8A00DDB978 /* MainMenu.xib */ = {
			isa = PBXVariantGroup;
			children = (
				A12E96162CC7EC8A00DDB978 /* Base */,
			);
			name = MainMenu.xib;
			sourceTree = "<group>";
		};
/* End PBXVariantGroup section */

/* Begin XCBuildConfiguration section */
		A12E961C2CC7EC8A00DDB978 /* Debug */ = {
			isa = XCBuildConfiguration;
			buildSettings = {
				ALWAYS_SEARCH_USER_PATHS = NO;
				ASSETCATALOG_COMPILER_GENERATE_SWIFT_ASSET_SYMBOL_EXTENSIONS = YES;
				CLANG_ANALYZER_NONNULL = YES;
				CLANG_ANALYZER_NUMBER_OBJECT_CONVERSION = YES_AGGRESSIVE;
				CLANG_CXX_LANGUAGE_STANDARD = "gnu++20";
				CLANG_ENABLE_MODULES = YES;
				CLANG_ENABLE_OBJC_ARC = YES;
				CLANG_ENABLE_OBJC_WEAK = YES;
				CLANG_WARN_BLOCK_CAPTURE_AUTORELEASING = YES;
				CLANG_WARN_BOOL_CONVERSION = YES;
				CLANG_WARN_COMMA = YES;
				CLANG_WARN_CONSTANT_CONVERSION = YES;
				CLANG_WARN_DEPRECATED_OBJC_IMPLEMENTATIONS = YES;
				CLANG_WARN_DIRECT_OBJC_ISA_USAGE = YES_ERROR;
				CLANG_WARN_DOCUMENTATION_COMMENTS = YES;
				CLANG_WARN_EMPTY_BODY = YES;
				CLANG_WARN_ENUM_CONVERSION = YES;
				CLANG_WARN_INFINITE_RECURSION = YES;
				CLANG_WARN_INT_CONVERSION = YES;
				CLANG_WARN_NON_LITERAL_NULL_CONVERSION = YES;
				CLANG_WARN_OBJC_IMPLICIT_RETAIN_SELF = YES;
				CLANG_WARN_OBJC_LITERAL_CONVERSION = YES;
				CLANG_WARN_OBJC_ROOT_CLASS = YES_ERROR;
				CLANG_WARN_QUOTED_INCLUDE_IN_FRAMEWORK_HEADER = YES;
				CLANG_WARN_RANGE_LOOP_ANALYSIS = YES;
				CLANG_WARN_STRICT_PROTOTYPES = YES;
				CLANG_WARN_SUSPICIOUS_MOVE = YES;
				CLANG_WARN_UNGUARDED_AVAILABILITY = YES_AGGRESSIVE;
				CLANG_WARN_UNREACHABLE_CODE = YES;
				CLANG_WARN__DUPLICATE_METHOD_MATCH = YES;
				COPY_PHASE_STRIP = NO;
				DEBUG_INFORMATION_FORMAT = dwarf;
				ENABLE_STRICT_OBJC_MSGSEND = YES;
				ENABLE_TESTABILITY = YES;
				ENABLE_USER_SCRIPT_SANDBOXING = YES;
				GCC_C_LANGUAGE_STANDARD = gnu17;
				GCC_DYNAMIC_NO_PIC = NO;
				GCC_NO_COMMON_BLOCKS = YES;
				GCC_OPTIMIZATION_LEVEL = 0;
				GCC_PREPROCESSOR_DEFINITIONS = (
					"DEBUG=1",
					"$(inherited)",
				);
				GCC_WARN_64_TO_32_BIT_CONVERSION = YES;
				GCC_WARN_ABOUT_RETURN_TYPE = YES_ERROR;
				GCC_WARN_UNDECLARED_SELECTOR = YES;
				GCC_WARN_UNINITIALIZED_AUTOS = YES_AGGRESSIVE;
				GCC_WARN_UNUSED_FUNCTION = YES;
				GCC_WARN_UNUSED_VARIABLE = YES;
				LOCALIZATION_PREFERS_STRING_CATALOGS = YES;
				MACOSX_DEPLOYMENT_TARGET = 14.5;
				MTL_ENABLE_DEBUG_INFO = INCLUDE_SOURCE;
				MTL_FAST_MATH = YES;
				ONLY_ACTIVE_ARCH = YES;
				SDKROOT = macosx;
			};
			name = Debug;
		};
		A12E961D2CC7EC8A00DDB978 /* Release */ = {
			isa = XCBuildConfiguration;
			buildSettings = {
				ALWAYS_SEARCH_USER_PATHS = NO;
				ASSETCATALOG_COMPILER_GENERATE_SWIFT_ASSET_SYMBOL_EXTENSIONS = YES;
				CLANG_ANALYZER_NONNULL = YES;
				CLANG_ANALYZER_NUMBER_OBJECT_CONVERSION = YES_AGGRESSIVE;
				CLANG_CXX_LANGUAGE_STANDARD = "gnu++20";
				CLANG_ENABLE_MODULES = YES;
				CLANG_ENABLE_OBJC_ARC = YES;
				CLANG_ENABLE_OBJC_WEAK = YES;
				CLANG_WARN_BLOCK_CAPTURE_AUTORELEASING = YES;
				CLANG_WARN_BOOL_CONVERSION = YES;
				CLANG_WARN_COMMA = YES;
				CLANG_WARN_CONSTANT_CONVERSION = YES;
				CLANG_WARN_DEPRECATED_OBJC_IMPLEMENTATIONS = YES;
				CLANG_WARN_DIRECT_OBJC_ISA_USAGE = YES_ERROR;
				CLANG_WARN_DOCUMENTATION_COMMENTS = YES;
				CLANG_WARN_EMPTY_BODY = YES;
				CLANG_WARN_ENUM_CONVERSION = YES;
				CLANG_WARN_INFINITE_RECURSION = YES;
				CLANG_WARN_INT_CONVERSION = YES;
				CLANG_WARN_NON_LITERAL_NULL_CONVERSION = YES;
				CLANG_WARN_OBJC_IMPLICIT_RETAIN_SELF = YES;
				CLANG_WARN_OBJC_LITERAL_CONVERSION = YES;
				CLANG_WARN_OBJC_ROOT_CLASS = YES_ERROR;
				CLANG_WARN_QUOTED_INCLUDE_IN_FRAMEWORK_HEADER = YES;
				CLANG_WARN_RANGE_LOOP_ANALYSIS = YES;
				CLANG_WARN_STRICT_PROTOTYPES = YES;
				CLANG_WARN_SUSPICIOUS_MOVE = YES;
				CLANG_WARN_UNGUARDED_AVAILABILITY = YES_AGGRESSIVE;
				CLANG_WARN_UNREACHABLE_CODE = YES;
				CLANG_WARN__DUPLICATE_METHOD_MATCH = YES;
				COPY_PHASE_STRIP = NO;
				DEBUG_INFORMATION_FORMAT = "dwarf-with-dsym";
				ENABLE_NS_ASSERTIONS = NO;
				ENABLE_STRICT_OBJC_MSGSEND = YES;
				ENABLE_USER_SCRIPT_SANDBOXING = YES;
				GCC_C_LANGUAGE_STANDARD = gnu17;
				GCC_NO_COMMON_BLOCKS = YES;
				GCC_WARN_64_TO_32_BIT_CONVERSION = YES;
				GCC_WARN_ABOUT_RETURN_TYPE = YES_ERROR;
				GCC_WARN_UNDECLARED_SELECTOR = YES;
				GCC_WARN_UNINITIALIZED_AUTOS = YES_AGGRESSIVE;
				GCC_WARN_UNUSED_FUNCTION = YES;
				GCC_WARN_UNUSED_VARIABLE = YES;
				LOCALIZATION_PREFERS_STRING_CATALOGS = YES;
				MACOSX_DEPLOYMENT_TARGET = 14.5;
				MTL_ENABLE_DEBUG_INFO = NO;
				MTL_FAST_MATH = YES;
				SDKROOT = macosx;
			};
			name = Release;
		};
		A12E961F2CC7EC8A00DDB978 /* Debug */ = {
			isa = XCBuildConfiguration;
			buildSettings = {
				ASSETCATALOG_COMPILER_APPICON_NAME = AppIcon;
				ASSETCATALOG_COMPILER_GLOBAL_ACCENT_COLOR_NAME = AccentColor;
				CODE_SIGN_ENTITLEMENTS = CamlDoc/CamlDoc.entitlements;
				CODE_SIGN_STYLE = Automatic;
				COMBINE_HIDPI_IMAGES = YES;
				CURRENT_PROJECT_VERSION = 1;
				EXECUTABLE_NAME = main.exe;
				GENERATE_INFOPLIST_FILE = YES;
				INFOPLIST_FILE = CamlDoc/Info.plist;
				INFOPLIST_KEY_NSHumanReadableCopyright = "";
				INFOPLIST_KEY_NSMainNibFile = MainMenu;
				INFOPLIST_KEY_NSPrincipalClass = NSApplication;
				LD_RUNPATH_SEARCH_PATHS = (
					"$(inherited)",
					"@executable_path/../Frameworks",
				);
				MACOSX_DEPLOYMENT_TARGET = 12.0;
				MARKETING_VERSION = 1.0;
				PRODUCT_BUNDLE_IDENTIFIER = github.username.CamlDoc;
				PRODUCT_NAME = "$(TARGET_NAME)";
				SWIFT_EMIT_LOC_STRINGS = YES;
			};
			name = Debug;
		};
		A12E96202CC7EC8A00DDB978 /* Release */ = {
			isa = XCBuildConfiguration;
			buildSettings = {
				ASSETCATALOG_COMPILER_APPICON_NAME = AppIcon;
				ASSETCATALOG_COMPILER_GLOBAL_ACCENT_COLOR_NAME = AccentColor;
				CODE_SIGN_ENTITLEMENTS = CamlDoc/CamlDoc.entitlements;
				CODE_SIGN_STYLE = Automatic;
				COMBINE_HIDPI_IMAGES = YES;
				CURRENT_PROJECT_VERSION = 1;
				EXECUTABLE_NAME = main.exe;
				GENERATE_INFOPLIST_FILE = YES;
				INFOPLIST_FILE = CamlDoc/Info.plist;
				INFOPLIST_KEY_NSHumanReadableCopyright = "";
				INFOPLIST_KEY_NSMainNibFile = MainMenu;
				INFOPLIST_KEY_NSPrincipalClass = NSApplication;
				LD_RUNPATH_SEARCH_PATHS = (
					"$(inherited)",
					"@executable_path/../Frameworks",
				);
				MACOSX_DEPLOYMENT_TARGET = 12.0;
				MARKETING_VERSION = 1.0;
				PRODUCT_BUNDLE_IDENTIFIER = github.username.CamlDoc;
				PRODUCT_NAME = "$(TARGET_NAME)";
				SWIFT_EMIT_LOC_STRINGS = YES;
			};
			name = Release;
		};
		A12E96232CC8262200DDB978 /* Debug */ = {
			isa = XCBuildConfiguration;
			buildSettings = {
				CODE_SIGN_STYLE = Automatic;
				DEBUGGING_SYMBOLS = YES;
				DEBUG_INFORMATION_FORMAT = dwarf;
				GCC_GENERATE_DEBUGGING_SYMBOLS = YES;
				GCC_OPTIMIZATION_LEVEL = 0;
				OTHER_CFLAGS = "";
				OTHER_LDFLAGS = "";
				PRODUCT_NAME = "$(TARGET_NAME)";
			};
			name = Debug;
		};
		A12E96242CC8262200DDB978 /* Release */ = {
			isa = XCBuildConfiguration;
			buildSettings = {
				CODE_SIGN_STYLE = Automatic;
				DEBUG_INFORMATION_FORMAT = "dwarf-with-dsym";
				OTHER_CFLAGS = "";
				OTHER_LDFLAGS = "";
				PRODUCT_NAME = "$(TARGET_NAME)";
			};
			name = Release;
		};
/* End XCBuildConfiguration section */

/* Begin XCConfigurationList section */
		A12E96022CC7EC8800DDB978 /* Build configuration list for PBXProject "CamlDoc" */ = {
			isa = XCConfigurationList;
			buildConfigurations = (
				A12E961C2CC7EC8A00DDB978 /* Debug */,
				A12E961D2CC7EC8A00DDB978 /* Release */,
			);
			defaultConfigurationIsVisible = 0;
			defaultConfigurationName = Release;
		};
		A12E961E2CC7EC8A00DDB978 /* Build configuration list for PBXNativeTarget "CamlDoc" */ = {
			isa = XCConfigurationList;
			buildConfigurations = (
				A12E961F2CC7EC8A00DDB978 /* Debug */,
				A12E96202CC7EC8A00DDB978 /* Release */,
			);
			defaultConfigurationIsVisible = 0;
			defaultConfigurationName = Release;
		};
		A12E96222CC8262200DDB978 /* Build configuration list for PBXLegacyTarget "Main" */ = {
			isa = XCConfigurationList;
			buildConfigurations = (
				A12E96232CC8262200DDB978 /* Debug */,
				A12E96242CC8262200DDB978 /* Release */,
			);
			defaultConfigurationIsVisible = 0;
			defaultConfigurationName = Release;
		};
/* End XCConfigurationList section */
	};
	rootObject = A12E95FF2CC7EC8800DDB978 /* Project object */;
}
